<?xml version="1.0" encoding="UTF-8" standalone="yes" ?>
<CodeBlocks_project_file>
	<FileVersion major="1" minor="6" />
	<Project>
		<Option title="HUMO-TaCTi" />
		<Option pch_mode="2" />
		<Option compiler="gcc" />
		<Build>
			<Target title="Debug">
				<Option output="bin/Debug/HUMO-TaCTi" prefix_auto="1" extension_auto="1" />
				<Option object_output="obj/Debug/" />
				<Option type="1" />
				<Option compiler="gcc" />
				<Compiler>
					<Add option="-g" />
				</Compiler>
			</Target>
			<Target title="Release">
				<Option output="bin/Release/HUMO-TaCTi" prefix_auto="1" extension_auto="1" />
				<Option object_output="obj/Release/" />
				<Option type="1" />
				<Option compiler="gcc" />
				<Compiler>
					<Add option="-O2" />
				</Compiler>
				<Linker>
					<Add option="-s" />
				</Linker>
			</Target>
		</Build>
		<Compiler>
			<Add option="-Wall" />
		</Compiler>
		<Unit filename="Bibliotecas/Archivos.c">
			<Option compilerVar="CC" />
		</Unit>
		<Unit filename="Bibliotecas/Archivos.h" />
		<Unit filename="Bibliotecas/Jugadores.c">
			<Option compilerVar="CC" />
		</Unit>
		<Unit filename="Bibliotecas/Jugadores.h" />
		<Unit filename="Bibliotecas/Parson.c">
			<Option compilerVar="CC" />
		</Unit>
		<Unit filename="Bibliotecas/Parson.h" />
		<Unit filename="Bibliotecas/TaCTi.c">
			<Option compilerVar="CC" />
		</Unit>
		<Unit filename="Bibliotecas/TaCTi.h" />
		<Unit filename="Bibliotecas/tCola.c">
			<Option compilerVar="CC" />
		</Unit>
		<Unit filename="Bibliotecas/tCola.h" />
		<Unit filename="Bibliotecas/tLista.c">
			<Option compilerVar="CC" />
		</Unit>
		<Unit filename="Bibliotecas/tLista.h" />
		<Unit filename="main.c">
			<Option compilerVar="CC" />
		</Unit>
		<Extensions>
			<lib_finder disable_auto="1" />
		</Extensions>
	</Project>
</CodeBlocks_project_file>
